
Microsoft Visual Studio Solution File, Format Version 12.00
# Visual Studio Version 16
VisualStudioVersion = 16.0.30523.141
MinimumVisualStudioVersion = 10.0.40219.1
Project("{9A19103F-16F7-4668-BE54-9A1E7A4F7556}") = "GlobalDelivery", "GlobalDelivery\GlobalDelivery.csproj", "{BF5DCF07-61E6-4371-A74C-45C0DE1B9C7B}"
EndProject
Project("{FAE04EC0-301F-11D3-BF4B-00C04F79EFBC}") = "GlobalDeliveryBackground", "GlobalDeliveryBackground\GlobalDeliveryBackground.csproj", "{A97DAA91-2C42-4504-B799-EEBFCABF0985}"
EndProject
Global
	GlobalSection(SolutionConfigurationPlatforms) = preSolution
		Debug|Any CPU = Debug|Any CPU
		Release|Any CPU = Release|Any CPU
	EndGlobalSection
	GlobalSection(ProjectConfigurationPlatforms) = postSolution
		{BF5DCF07-61E6-4371-A74C-45C0DE1B9C7B}.Debug|Any CPU.ActiveCfg = Debug|Any CPU
		{BF5DCF07-61E6-4371-A74C-45C0DE1B9C7B}.Debug|Any CPU.Build.0 = Debug|Any CPU
		{BF5DCF07-61E6-4371-A74C-45C0DE1B9C7B}.Release|Any CPU.ActiveCfg = Release|Any CPU
		{BF5DCF07-61E6-4371-A74C-45C0DE1B9C7B}.Release|Any CPU.Build.0 = Release|Any CPU
		{A97DAA91-2C42-4504-B799-EEBFCABF0985}.Debug|Any CPU.ActiveCfg = Debug|Any CPU
		{A97DAA91-2C42-4504-B799-EEBFCABF0985}.Debug|Any CPU.Build.0 = Debug|Any CPU
		{A97DAA91-2C42-4504-B799-EEBFCABF0985}.Release|Any CPU.ActiveCfg = Release|Any CPU
		{A97DAA91-2C42-4504-B799-EEBFCABF0985}.Release|Any CPU.Build.0 = Release|Any CPU
	EndGlobalSection
	GlobalSection(SolutionProperties) = preSolution
		HideSolutionNode = FALSE
	EndGlobalSection
	GlobalSection(ExtensibilityGlobals) = postSolution
		SolutionGuid = {CABD65C0-C444-498E-A168-1D236B8AB2B9}
	EndGlobalSection
EndGlobal
